
Microsoft Visual Studio Solution File, Format Version 12.00
# Visual Studio 15
VisualStudioVersion = 15.0.27703.2042
MinimumVisualStudioVersion = 10.0.40219.1
Project("{FAE04EC0-301F-11D3-BF4B-00C04F79EFBC}") = "FX5_demo_middleware", "FX5_demo_middleware\FX5_demo_middleware.csproj", "{2819717F-16DB-40AA-A0AA-3188AE93BC75}"
EndProject
Global
	GlobalSection(SolutionConfigurationPlatforms) = preSolution
		Debug|Any CPU = Debug|Any CPU
		Release|Any CPU = Release|Any CPU
	EndGlobalSection
	GlobalSection(ProjectConfigurationPlatforms) = postSolution
		{2819717F-16DB-40AA-A0AA-3188AE93BC75}.Debug|Any CPU.ActiveCfg = Debug|Any CPU
		{2819717F-16DB-40AA-A0AA-3188AE93BC75}.Debug|Any CPU.Build.0 = Debug|Any CPU
		{2819717F-16DB-40AA-A0AA-3188AE93BC75}.Release|Any CPU.ActiveCfg = Release|Any CPU
		{2819717F-16DB-40AA-A0AA-3188AE93BC75}.Release|Any CPU.Build.0 = Release|Any CPU
	EndGlobalSection
	GlobalSection(SolutionProperties) = preSolution
		HideSolutionNode = FALSE
	EndGlobalSection
	GlobalSection(ExtensibilityGlobals) = postSolution
		SolutionGuid = {B10CC650-1FB1-4EAB-9407-6D622F58ED9F}
	EndGlobalSection
EndGlobal
